
Microsoft Visual Studio Solution File, Format Version 12.00
# Visual Studio Version 17
VisualStudioVersion = 17.13.35825.156
MinimumVisualStudioVersion = 10.0.40219.1
Project("{8BC9CEB8-8B4A-11D0-8D11-00A0C91BC942}") = "spdsrt", "spdsrt\spdsrt.vcxproj", "{18FD73F7-C5B3-488C-9AFA-77777053A49B}"
EndProject
Project("{2150E333-8FDC-42A3-9474-1A3956D46DE8}") = "About", "About", "{02EA681E-C7D8-13C7-8484-4AC65E1B71E8}"
	ProjectSection(SolutionItems) = preProject
		LICENSE.txt = LICENSE.txt
		README.md = README.md
	EndProjectSection
EndProject
Global
	GlobalSection(SolutionConfigurationPlatforms) = preSolution
		Debug|x64 = Debug|x64
		Debug|x86 = Debug|x86
		Release|x64 = Release|x64
		Release|x86 = Release|x86
	EndGlobalSection
	GlobalSection(ProjectConfigurationPlatforms) = postSolution
		{18FD73F7-C5B3-488C-9AFA-77777053A49B}.Debug|x64.ActiveCfg = Debug|x64
		{18FD73F7-C5B3-488C-9AFA-77777053A49B}.Debug|x64.Build.0 = Debug|x64
		{18FD73F7-C5B3-488C-9AFA-77777053A49B}.Debug|x86.ActiveCfg = Debug|Win32
		{18FD73F7-C5B3-488C-9AFA-77777053A49B}.Debug|x86.Build.0 = Debug|Win32
		{18FD73F7-C5B3-488C-9AFA-77777053A49B}.Release|x64.ActiveCfg = Release|x64
		{18FD73F7-C5B3-488C-9AFA-77777053A49B}.Release|x64.Build.0 = Release|x64
		{18FD73F7-C5B3-488C-9AFA-77777053A49B}.Release|x86.ActiveCfg = Release|Win32
		{18FD73F7-C5B3-488C-9AFA-77777053A49B}.Release|x86.Build.0 = Release|Win32
	EndGlobalSection
	GlobalSection(SolutionProperties) = preSolution
		HideSolutionNode = FALSE
	EndGlobalSection
	GlobalSection(ExtensibilityGlobals) = postSolution
		SolutionGuid = {FC54033D-2ACB-4CD3-ABDE-7EA509687CB9}
	EndGlobalSection
EndGlobal
